
Microsoft Visual Studio Solution File, Format Version 12.00
# Visual Studio Version 16
VisualStudioVersion = 16.0.31205.134
MinimumVisualStudioVersion = 10.0.40219.1
Project("{FAE04EC0-301F-11D3-BF4B-00C04F79EFBC}") = "ListSerializer", "ListSerializer.csproj", "{58A5416F-6DF0-47AF-9208-A6B403DB44FA}"
EndProject
Project("{FAE04EC0-301F-11D3-BF4B-00C04F79EFBC}") = "Common", "..\Common\Common.csproj", "{44CE59C9-ED13-497A-8D68-9FD50D264CF9}"
EndProject
Project("{FAE04EC0-301F-11D3-BF4B-00C04F79EFBC}") = "ListSerializerBenchmark", "..\ListSerializerBenchmark\ListSerializerBenchmark.csproj", "{9579A4E4-B54E-47B8-9E8D-424BDF08C583}"
EndProject
Global
	GlobalSection(SolutionConfigurationPlatforms) = preSolution
		Debug|Any CPU = Debug|Any CPU
		Release|Any CPU = Release|Any CPU
	EndGlobalSection
	GlobalSection(ProjectConfigurationPlatforms) = postSolution
		{58A5416F-6DF0-47AF-9208-A6B403DB44FA}.Debug|Any CPU.ActiveCfg = Debug|Any CPU
		{58A5416F-6DF0-47AF-9208-A6B403DB44FA}.Debug|Any CPU.Build.0 = Debug|Any CPU
		{58A5416F-6DF0-47AF-9208-A6B403DB44FA}.Release|Any CPU.ActiveCfg = Release|Any CPU
		{58A5416F-6DF0-47AF-9208-A6B403DB44FA}.Release|Any CPU.Build.0 = Release|Any CPU
		{44CE59C9-ED13-497A-8D68-9FD50D264CF9}.Debug|Any CPU.ActiveCfg = Debug|Any CPU
		{44CE59C9-ED13-497A-8D68-9FD50D264CF9}.Debug|Any CPU.Build.0 = Debug|Any CPU
		{44CE59C9-ED13-497A-8D68-9FD50D264CF9}.Release|Any CPU.ActiveCfg = Release|Any CPU
		{44CE59C9-ED13-497A-8D68-9FD50D264CF9}.Release|Any CPU.Build.0 = Release|Any CPU
		{9579A4E4-B54E-47B8-9E8D-424BDF08C583}.Debug|Any CPU.ActiveCfg = Debug|Any CPU
		{9579A4E4-B54E-47B8-9E8D-424BDF08C583}.Debug|Any CPU.Build.0 = Debug|Any CPU
		{9579A4E4-B54E-47B8-9E8D-424BDF08C583}.Release|Any CPU.ActiveCfg = Release|Any CPU
		{9579A4E4-B54E-47B8-9E8D-424BDF08C583}.Release|Any CPU.Build.0 = Release|Any CPU
	EndGlobalSection
	GlobalSection(SolutionProperties) = preSolution
		HideSolutionNode = FALSE
	EndGlobalSection
	GlobalSection(ExtensibilityGlobals) = postSolution
		SolutionGuid = {13827A46-AF65-4191-8EE0-22C7ED2BE5BE}
	EndGlobalSection
EndGlobal
